
Microsoft Visual Studio Solution File, Format Version 12.00
# Visual Studio Version 17
VisualStudioVersion = 17.12.35514.174 d17.12
MinimumVisualStudioVersion = 10.0.40219.1
Project("{FAE04EC0-301F-11D3-BF4B-00C04F79EFBC}") = "GithubService", "GithubService\GithubService.csproj", "{FAB4ACD4-5FB4-42EC-BACF-D5D0B78F17EC}"
EndProject
Project("{FAE04EC0-301F-11D3-BF4B-00C04F79EFBC}") = "GitHubApis", "GitHubApis\GitHubApis.csproj", "{AC17FA5F-99F8-4AA0-9714-B1E88826C98D}"
EndProject
Global
	GlobalSection(SolutionConfigurationPlatforms) = preSolution
		Debug|Any CPU = Debug|Any CPU
		Release|Any CPU = Release|Any CPU
	EndGlobalSection
	GlobalSection(ProjectConfigurationPlatforms) = postSolution
		{FAB4ACD4-5FB4-42EC-BACF-D5D0B78F17EC}.Debug|Any CPU.ActiveCfg = Debug|Any CPU
		{FAB4ACD4-5FB4-42EC-BACF-D5D0B78F17EC}.Debug|Any CPU.Build.0 = Debug|Any CPU
		{FAB4ACD4-5FB4-42EC-BACF-D5D0B78F17EC}.Release|Any CPU.ActiveCfg = Release|Any CPU
		{FAB4ACD4-5FB4-42EC-BACF-D5D0B78F17EC}.Release|Any CPU.Build.0 = Release|Any CPU
		{AC17FA5F-99F8-4AA0-9714-B1E88826C98D}.Debug|Any CPU.ActiveCfg = Debug|Any CPU
		{AC17FA5F-99F8-4AA0-9714-B1E88826C98D}.Debug|Any CPU.Build.0 = Debug|Any CPU
		{AC17FA5F-99F8-4AA0-9714-B1E88826C98D}.Release|Any CPU.ActiveCfg = Release|Any CPU
		{AC17FA5F-99F8-4AA0-9714-B1E88826C98D}.Release|Any CPU.Build.0 = Release|Any CPU
	EndGlobalSection
	GlobalSection(SolutionProperties) = preSolution
		HideSolutionNode = FALSE
	EndGlobalSection
EndGlobal
